{
  "name": "mcp-smoke",
  "lockfileVersion": 3,
  "requires": true,
  "packages": {
    "": {
      "name": "mcp-smoke",
      "dependencies": {
        "@movp/mcp-server": "0.1.8"
      }
    },
    "node_modules/@movp/mcp-server": {
      "version": "0.1.8",
      "resolved": "https://registry.npmjs.org/@movp/mcp-server/-/mcp-server-0.1.8.tgz",
      "integrity": "sha512-sajnJ+ucLPceCSotYn+n6LlKB4+jFNiO5HQniTE7qmE5jawtnRr4tD+ttsJQk/QBM3PUx+sKiBUYhGzfA7oDfQ==",
      "license": "MIT",
      "bin": {
        "mcp-server": "bin/cli.js"
      },
      "engines": {
        "node": ">=18.0.0"
      }
    }
  }
}
