{
  "name": "mcp-smoke",
  "lockfileVersion": 3,
  "requires": true,
  "packages": {
    "": {
      "name": "mcp-smoke",
      "dependencies": {
        "@movp/mcp-server": "0.1.15"
      }
    },
    "node_modules/@movp/mcp-server": {
      "version": "0.1.15",
      "resolved": "https://registry.npmjs.org/@movp/mcp-server/-/mcp-server-0.1.15.tgz",
      "integrity": "sha512-pSLKW0ttH5tkzOxjkryP/H5H6eW5mP4i/lTl7fNa1evfMyFAcMiPx63Vbh9Vq4J29mASiHbeRpUKnOHktSZm+A==",
      "license": "MIT",
      "bin": {
        "mcp-server": "bin/cli.js"
      },
      "engines": {
        "node": ">=18.0.0"
      }
    }
  }
}
