{
  "name": "mcp-smoke",
  "lockfileVersion": 3,
  "requires": true,
  "packages": {
    "": {
      "name": "mcp-smoke",
      "dependencies": {
        "@movp/mcp-server": "0.1.9"
      }
    },
    "node_modules/@movp/mcp-server": {
      "version": "0.1.9",
      "resolved": "https://registry.npmjs.org/@movp/mcp-server/-/mcp-server-0.1.9.tgz",
      "integrity": "sha512-Uhyr9LJbczhf25tnKPWi32xuNmYlbNiZBXBUQhbz+XawB/EiE/06fs6mg/DqeH9zIhjhxnUKurYVV2LKk9JazQ==",
      "license": "MIT",
      "bin": {
        "mcp-server": "bin/cli.js"
      },
      "engines": {
        "node": ">=18.0.0"
      }
    }
  }
}
